
Microsoft Visual Studio Solution File, Format Version 12.00
# Visual Studio Version 17
VisualStudioVersion = 17.4.33403.182
MinimumVisualStudioVersion = 10.0.40219.1
Project("{9A19103F-16F7-4668-BE54-9A1E7A4F7556}") = "ListMonk.SDK", "src\ListMonk.SDK\ListMonk.SDK.csproj", "{1BD4C4BF-4F58-42E5-BAA0-6F692C4CE81F}"
EndProject
Project("{2150E333-8FDC-42A3-9474-1A3956D46DE8}") = "src", "src", "{C3300169-1B12-4DEE-B552-038431E51EDB}"
EndProject
Project("{2150E333-8FDC-42A3-9474-1A3956D46DE8}") = "tests", "tests", "{A21049FE-6752-4B61-8E44-840E694ACB6B}"
EndProject
Project("{9A19103F-16F7-4668-BE54-9A1E7A4F7556}") = "ListMonk.SDK.Tests", "tests\ListMonk.SDK.Tests\ListMonk.SDK.Tests.csproj", "{104A0F81-685E-4B16-9971-954163C41F49}"
EndProject
Global
	GlobalSection(SolutionConfigurationPlatforms) = preSolution
		Debug|Any CPU = Debug|Any CPU
		Release|Any CPU = Release|Any CPU
	EndGlobalSection
	GlobalSection(ProjectConfigurationPlatforms) = postSolution
		{1BD4C4BF-4F58-42E5-BAA0-6F692C4CE81F}.Debug|Any CPU.ActiveCfg = Debug|Any CPU
		{1BD4C4BF-4F58-42E5-BAA0-6F692C4CE81F}.Debug|Any CPU.Build.0 = Debug|Any CPU
		{1BD4C4BF-4F58-42E5-BAA0-6F692C4CE81F}.Release|Any CPU.ActiveCfg = Release|Any CPU
		{1BD4C4BF-4F58-42E5-BAA0-6F692C4CE81F}.Release|Any CPU.Build.0 = Release|Any CPU
		{104A0F81-685E-4B16-9971-954163C41F49}.Debug|Any CPU.ActiveCfg = Debug|Any CPU
		{104A0F81-685E-4B16-9971-954163C41F49}.Debug|Any CPU.Build.0 = Debug|Any CPU
		{104A0F81-685E-4B16-9971-954163C41F49}.Release|Any CPU.ActiveCfg = Release|Any CPU
		{104A0F81-685E-4B16-9971-954163C41F49}.Release|Any CPU.Build.0 = Release|Any CPU
	EndGlobalSection
	GlobalSection(SolutionProperties) = preSolution
		HideSolutionNode = FALSE
	EndGlobalSection
	GlobalSection(NestedProjects) = preSolution
		{1BD4C4BF-4F58-42E5-BAA0-6F692C4CE81F} = {C3300169-1B12-4DEE-B552-038431E51EDB}
		{104A0F81-685E-4B16-9971-954163C41F49} = {A21049FE-6752-4B61-8E44-840E694ACB6B}
	EndGlobalSection
	GlobalSection(ExtensibilityGlobals) = postSolution
		SolutionGuid = {351A2392-D368-4B4D-87A1-488F5AAA00CF}
	EndGlobalSection
EndGlobal
